
Microsoft Visual Studio Solution File, Format Version 12.00
# Visual Studio Version 16
VisualStudioVersion = 16.0.30320.27
MinimumVisualStudioVersion = 10.0.40219.1
Project("{9A19103F-16F7-4668-BE54-9A1E7A4F7556}") = "PersonRegister", "PersonRegister\PersonRegister.csproj", "{BC4F2767-141F-44A9-8BC2-1F8A690C38CE}"
EndProject
Project("{9A19103F-16F7-4668-BE54-9A1E7A4F7556}") = "PersonRegisterTest", "PersonRegisterTest\PersonRegisterTest.csproj", "{3D147D9F-79F9-4866-9C31-7007BBCFFCE4}"
EndProject
Project("{9A19103F-16F7-4668-BE54-9A1E7A4F7556}") = "DictionaryMedTalOgBools", "DictionaryMedTalOgBools\DictionaryMedTalOgBools.csproj", "{748C649E-F3BA-450C-8DE8-AC7DC155CD94}"
EndProject
Project("{9A19103F-16F7-4668-BE54-9A1E7A4F7556}") = "OverloadingMath", "OverloadingMath\OverloadingMath.csproj", "{961F8D3E-2D35-4200-A191-7445E802ACFC}"
EndProject
Project("{9A19103F-16F7-4668-BE54-9A1E7A4F7556}") = "Jeppe's ObjektFraVærelse", "Jeppe's ObjektFraVærelse\Jeppe's ObjektFraVærelse.csproj", "{94123D08-02EE-47D9-84CF-60EE3BD9595C}"
EndProject
Project("{9A19103F-16F7-4668-BE54-9A1E7A4F7556}") = "SkoleSystem", "SkoleSystem\SkoleSystem.csproj", "{AA1D0BBD-CCC5-49A1-A6E3-B9AE1AA3BE65}"
EndProject
Project("{9A19103F-16F7-4668-BE54-9A1E7A4F7556}") = "SkoleSystemTest", "SkoleSystemTest\SkoleSystemTest.csproj", "{AF8327DF-0443-4BFA-8170-A03410F36656}"
EndProject
Project("{9A19103F-16F7-4668-BE54-9A1E7A4F7556}") = "Delegate+LambdaExpressions", "Delegate+LambdaExpressions\Delegate+LambdaExpressions.csproj", "{9A80176A-80C6-4C9F-8689-9EE5E7EDCC54}"
EndProject
Project("{9A19103F-16F7-4668-BE54-9A1E7A4F7556}") = "ComputerSuperClass", "ComputerSuperClass\ComputerSuperClass.csproj", "{D0F3F9AB-8E7F-437B-A6C1-3B7732EED1B6}"
EndProject
Project("{9A19103F-16F7-4668-BE54-9A1E7A4F7556}") = "ComputerSuperClassTest", "ComputerSuperClassTest\ComputerSuperClassTest.csproj", "{47D9FC54-4E8A-4163-A0A2-26E0C095C1B7}"
EndProject
Project("{9A19103F-16F7-4668-BE54-9A1E7A4F7556}") = "AbstractClassAndInterfaces", "AbstractClassAndInterfaces\AbstractClassAndInterfaces.csproj", "{B3DF8996-68E7-4473-B440-9EF7706EB885}"
EndProject
Project("{FAE04EC0-301F-11D3-BF4B-00C04F79EFBC}") = "Multithreading", "Multithreading\Multithreading.csproj", "{55DD6125-25F7-468E-B0B7-C44DC13F7BA1}"
EndProject
Project("{FAE04EC0-301F-11D3-BF4B-00C04F79EFBC}") = "MultithreadingTest", "MultithreadingTest\MultithreadingTest.csproj", "{621C3CED-0463-4E2C-9947-69EAAF770987}"
EndProject
Global
	GlobalSection(SolutionConfigurationPlatforms) = preSolution
		Debug|Any CPU = Debug|Any CPU
		Release|Any CPU = Release|Any CPU
	EndGlobalSection
	GlobalSection(ProjectConfigurationPlatforms) = postSolution
		{BC4F2767-141F-44A9-8BC2-1F8A690C38CE}.Debug|Any CPU.ActiveCfg = Debug|Any CPU
		{BC4F2767-141F-44A9-8BC2-1F8A690C38CE}.Debug|Any CPU.Build.0 = Debug|Any CPU
		{BC4F2767-141F-44A9-8BC2-1F8A690C38CE}.Release|Any CPU.ActiveCfg = Release|Any CPU
		{BC4F2767-141F-44A9-8BC2-1F8A690C38CE}.Release|Any CPU.Build.0 = Release|Any CPU
		{3D147D9F-79F9-4866-9C31-7007BBCFFCE4}.Debug|Any CPU.ActiveCfg = Debug|Any CPU
		{3D147D9F-79F9-4866-9C31-7007BBCFFCE4}.Debug|Any CPU.Build.0 = Debug|Any CPU
		{3D147D9F-79F9-4866-9C31-7007BBCFFCE4}.Release|Any CPU.ActiveCfg = Release|Any CPU
		{3D147D9F-79F9-4866-9C31-7007BBCFFCE4}.Release|Any CPU.Build.0 = Release|Any CPU
		{748C649E-F3BA-450C-8DE8-AC7DC155CD94}.Debug|Any CPU.ActiveCfg = Debug|Any CPU
		{748C649E-F3BA-450C-8DE8-AC7DC155CD94}.Debug|Any CPU.Build.0 = Debug|Any CPU
		{748C649E-F3BA-450C-8DE8-AC7DC155CD94}.Release|Any CPU.ActiveCfg = Release|Any CPU
		{748C649E-F3BA-450C-8DE8-AC7DC155CD94}.Release|Any CPU.Build.0 = Release|Any CPU
		{961F8D3E-2D35-4200-A191-7445E802ACFC}.Debug|Any CPU.ActiveCfg = Debug|Any CPU
		{961F8D3E-2D35-4200-A191-7445E802ACFC}.Debug|Any CPU.Build.0 = Debug|Any CPU
		{961F8D3E-2D35-4200-A191-7445E802ACFC}.Release|Any CPU.ActiveCfg = Release|Any CPU
		{961F8D3E-2D35-4200-A191-7445E802ACFC}.Release|Any CPU.Build.0 = Release|Any CPU
		{94123D08-02EE-47D9-84CF-60EE3BD9595C}.Debug|Any CPU.ActiveCfg = Debug|Any CPU
		{94123D08-02EE-47D9-84CF-60EE3BD9595C}.Debug|Any CPU.Build.0 = Debug|Any CPU
		{94123D08-02EE-47D9-84CF-60EE3BD9595C}.Release|Any CPU.ActiveCfg = Release|Any CPU
		{94123D08-02EE-47D9-84CF-60EE3BD9595C}.Release|Any CPU.Build.0 = Release|Any CPU
		{AA1D0BBD-CCC5-49A1-A6E3-B9AE1AA3BE65}.Debug|Any CPU.ActiveCfg = Debug|Any CPU
		{AA1D0BBD-CCC5-49A1-A6E3-B9AE1AA3BE65}.Debug|Any CPU.Build.0 = Debug|Any CPU
		{AA1D0BBD-CCC5-49A1-A6E3-B9AE1AA3BE65}.Release|Any CPU.ActiveCfg = Release|Any CPU
		{AA1D0BBD-CCC5-49A1-A6E3-B9AE1AA3BE65}.Release|Any CPU.Build.0 = Release|Any CPU
		{AF8327DF-0443-4BFA-8170-A03410F36656}.Debug|Any CPU.ActiveCfg = Debug|Any CPU
		{AF8327DF-0443-4BFA-8170-A03410F36656}.Debug|Any CPU.Build.0 = Debug|Any CPU
		{AF8327DF-0443-4BFA-8170-A03410F36656}.Release|Any CPU.ActiveCfg = Release|Any CPU
		{AF8327DF-0443-4BFA-8170-A03410F36656}.Release|Any CPU.Build.0 = Release|Any CPU
		{9A80176A-80C6-4C9F-8689-9EE5E7EDCC54}.Debug|Any CPU.ActiveCfg = Debug|Any CPU
		{9A80176A-80C6-4C9F-8689-9EE5E7EDCC54}.Debug|Any CPU.Build.0 = Debug|Any CPU
		{9A80176A-80C6-4C9F-8689-9EE5E7EDCC54}.Release|Any CPU.ActiveCfg = Release|Any CPU
		{9A80176A-80C6-4C9F-8689-9EE5E7EDCC54}.Release|Any CPU.Build.0 = Release|Any CPU
		{D0F3F9AB-8E7F-437B-A6C1-3B7732EED1B6}.Debug|Any CPU.ActiveCfg = Debug|Any CPU
		{D0F3F9AB-8E7F-437B-A6C1-3B7732EED1B6}.Debug|Any CPU.Build.0 = Debug|Any CPU
		{D0F3F9AB-8E7F-437B-A6C1-3B7732EED1B6}.Release|Any CPU.ActiveCfg = Release|Any CPU
		{D0F3F9AB-8E7F-437B-A6C1-3B7732EED1B6}.Release|Any CPU.Build.0 = Release|Any CPU
		{47D9FC54-4E8A-4163-A0A2-26E0C095C1B7}.Debug|Any CPU.ActiveCfg = Debug|Any CPU
		{47D9FC54-4E8A-4163-A0A2-26E0C095C1B7}.Debug|Any CPU.Build.0 = Debug|Any CPU
		{47D9FC54-4E8A-4163-A0A2-26E0C095C1B7}.Release|Any CPU.ActiveCfg = Release|Any CPU
		{47D9FC54-4E8A-4163-A0A2-26E0C095C1B7}.Release|Any CPU.Build.0 = Release|Any CPU
		{B3DF8996-68E7-4473-B440-9EF7706EB885}.Debug|Any CPU.ActiveCfg = Debug|Any CPU
		{B3DF8996-68E7-4473-B440-9EF7706EB885}.Debug|Any CPU.Build.0 = Debug|Any CPU
		{B3DF8996-68E7-4473-B440-9EF7706EB885}.Release|Any CPU.ActiveCfg = Release|Any CPU
		{B3DF8996-68E7-4473-B440-9EF7706EB885}.Release|Any CPU.Build.0 = Release|Any CPU
		{55DD6125-25F7-468E-B0B7-C44DC13F7BA1}.Debug|Any CPU.ActiveCfg = Debug|Any CPU
		{55DD6125-25F7-468E-B0B7-C44DC13F7BA1}.Debug|Any CPU.Build.0 = Debug|Any CPU
		{55DD6125-25F7-468E-B0B7-C44DC13F7BA1}.Release|Any CPU.ActiveCfg = Release|Any CPU
		{55DD6125-25F7-468E-B0B7-C44DC13F7BA1}.Release|Any CPU.Build.0 = Release|Any CPU
		{621C3CED-0463-4E2C-9947-69EAAF770987}.Debug|Any CPU.ActiveCfg = Debug|Any CPU
		{621C3CED-0463-4E2C-9947-69EAAF770987}.Debug|Any CPU.Build.0 = Debug|Any CPU
		{621C3CED-0463-4E2C-9947-69EAAF770987}.Release|Any CPU.ActiveCfg = Release|Any CPU
		{621C3CED-0463-4E2C-9947-69EAAF770987}.Release|Any CPU.Build.0 = Release|Any CPU
	EndGlobalSection
	GlobalSection(SolutionProperties) = preSolution
		HideSolutionNode = FALSE
	EndGlobalSection
	GlobalSection(ExtensibilityGlobals) = postSolution
		SolutionGuid = {5370E079-26D4-426E-80B1-9946FE8CCC6B}
	EndGlobalSection
EndGlobal
